
Microsoft Visual Studio Solution File, Format Version 12.00
# Visual Studio Version 17
VisualStudioVersion = 17.13.35913.81 d17.13
MinimumVisualStudioVersion = 10.0.40219.1
Project("{FAE04EC0-301F-11D3-BF4B-00C04F79EFBC}") = "01-AspNetLifeCycleDemo", "01-AspNetLifeCycleDemo\01-AspNetLifeCycleDemo.csproj", "{55A99D35-40BC-43A5-8B48-0BDE85F3ACDE}"
EndProject
Global
	GlobalSection(SolutionConfigurationPlatforms) = preSolution
		Debug|Any CPU = Debug|Any CPU
		Release|Any CPU = Release|Any CPU
	EndGlobalSection
	GlobalSection(ProjectConfigurationPlatforms) = postSolution
		{55A99D35-40BC-43A5-8B48-0BDE85F3ACDE}.Debug|Any CPU.ActiveCfg = Debug|Any CPU
		{55A99D35-40BC-43A5-8B48-0BDE85F3ACDE}.Debug|Any CPU.Build.0 = Debug|Any CPU
		{55A99D35-40BC-43A5-8B48-0BDE85F3ACDE}.Release|Any CPU.ActiveCfg = Release|Any CPU
		{55A99D35-40BC-43A5-8B48-0BDE85F3ACDE}.Release|Any CPU.Build.0 = Release|Any CPU
	EndGlobalSection
	GlobalSection(SolutionProperties) = preSolution
		HideSolutionNode = FALSE
	EndGlobalSection
	GlobalSection(ExtensibilityGlobals) = postSolution
		SolutionGuid = {DAE65DDB-1627-48E1-A6B8-DCDEC7C90495}
	EndGlobalSection
EndGlobal
