
Microsoft Visual Studio Solution File, Format Version 12.00
# Visual Studio Version 17
VisualStudioVersion = 17.13.35913.81 d17.13
MinimumVisualStudioVersion = 10.0.40219.1
Project("{FAE04EC0-301F-11D3-BF4B-00C04F79EFBC}") = "12-ConnectDisconnectDatabase", "12-ConnectDisconnectDatabase\12-ConnectDisconnectDatabase.csproj", "{0D2BD09D-CCD6-41BD-B82D-6CACADD179B9}"
EndProject
Global
	GlobalSection(SolutionConfigurationPlatforms) = preSolution
		Debug|Any CPU = Debug|Any CPU
		Release|Any CPU = Release|Any CPU
	EndGlobalSection
	GlobalSection(ProjectConfigurationPlatforms) = postSolution
		{0D2BD09D-CCD6-41BD-B82D-6CACADD179B9}.Debug|Any CPU.ActiveCfg = Debug|Any CPU
		{0D2BD09D-CCD6-41BD-B82D-6CACADD179B9}.Debug|Any CPU.Build.0 = Debug|Any CPU
		{0D2BD09D-CCD6-41BD-B82D-6CACADD179B9}.Release|Any CPU.ActiveCfg = Release|Any CPU
		{0D2BD09D-CCD6-41BD-B82D-6CACADD179B9}.Release|Any CPU.Build.0 = Release|Any CPU
	EndGlobalSection
	GlobalSection(SolutionProperties) = preSolution
		HideSolutionNode = FALSE
	EndGlobalSection
	GlobalSection(ExtensibilityGlobals) = postSolution
		SolutionGuid = {87445BCB-F620-4823-84C6-085AA0ACA590}
	EndGlobalSection
EndGlobal
