
Microsoft Visual Studio Solution File, Format Version 12.00
# Visual Studio Version 17
VisualStudioVersion = 17.13.35913.81 d17.13
MinimumVisualStudioVersion = 10.0.40219.1
Project("{FAE04EC0-301F-11D3-BF4B-00C04F79EFBC}") = "16-LINQWithObjectDataSource1", "16-LINQWithObjectDataSource1\16-LINQWithObjectDataSource1.csproj", "{283C7029-424D-4CE1-83E9-627D65931660}"
EndProject
Global
	GlobalSection(SolutionConfigurationPlatforms) = preSolution
		Debug|Any CPU = Debug|Any CPU
		Release|Any CPU = Release|Any CPU
	EndGlobalSection
	GlobalSection(ProjectConfigurationPlatforms) = postSolution
		{283C7029-424D-4CE1-83E9-627D65931660}.Debug|Any CPU.ActiveCfg = Debug|Any CPU
		{283C7029-424D-4CE1-83E9-627D65931660}.Debug|Any CPU.Build.0 = Debug|Any CPU
		{283C7029-424D-4CE1-83E9-627D65931660}.Release|Any CPU.ActiveCfg = Release|Any CPU
		{283C7029-424D-4CE1-83E9-627D65931660}.Release|Any CPU.Build.0 = Release|Any CPU
	EndGlobalSection
	GlobalSection(SolutionProperties) = preSolution
		HideSolutionNode = FALSE
	EndGlobalSection
	GlobalSection(ExtensibilityGlobals) = postSolution
		SolutionGuid = {CEEAA091-7741-4911-B10C-EA1BC743251B}
	EndGlobalSection
EndGlobal
