
Microsoft Visual Studio Solution File, Format Version 12.00
# Visual Studio Version 17
VisualStudioVersion = 17.13.35913.81 d17.13
MinimumVisualStudioVersion = 10.0.40219.1
Project("{FAE04EC0-301F-11D3-BF4B-00C04F79EFBC}") = "26_ProductWebApp", "26_ProductWebApp\26_ProductWebApp.csproj", "{AF17C2FD-95D6-4EFC-B00E-914792E1EA8F}"
EndProject
Global
	GlobalSection(SolutionConfigurationPlatforms) = preSolution
		Debug|Any CPU = Debug|Any CPU
		Release|Any CPU = Release|Any CPU
	EndGlobalSection
	GlobalSection(ProjectConfigurationPlatforms) = postSolution
		{AF17C2FD-95D6-4EFC-B00E-914792E1EA8F}.Debug|Any CPU.ActiveCfg = Debug|Any CPU
		{AF17C2FD-95D6-4EFC-B00E-914792E1EA8F}.Debug|Any CPU.Build.0 = Debug|Any CPU
		{AF17C2FD-95D6-4EFC-B00E-914792E1EA8F}.Release|Any CPU.ActiveCfg = Release|Any CPU
		{AF17C2FD-95D6-4EFC-B00E-914792E1EA8F}.Release|Any CPU.Build.0 = Release|Any CPU
	EndGlobalSection
	GlobalSection(SolutionProperties) = preSolution
		HideSolutionNode = FALSE
	EndGlobalSection
	GlobalSection(ExtensibilityGlobals) = postSolution
		SolutionGuid = {1F85A3D4-5DE7-4FBB-9C94-E92C6322AF5E}
	EndGlobalSection
EndGlobal
