
Microsoft Visual Studio Solution File, Format Version 12.00
# Visual Studio Version 17
VisualStudioVersion = 17.13.35913.81 d17.13
MinimumVisualStudioVersion = 10.0.40219.1
Project("{FAE04EC0-301F-11D3-BF4B-00C04F79EFBC}") = "11-MasterPage", "11-MasterPage\11-MasterPage.csproj", "{F05B7D5B-D306-4710-B595-E5B030134D31}"
EndProject
Global
	GlobalSection(SolutionConfigurationPlatforms) = preSolution
		Debug|Any CPU = Debug|Any CPU
		Release|Any CPU = Release|Any CPU
	EndGlobalSection
	GlobalSection(ProjectConfigurationPlatforms) = postSolution
		{F05B7D5B-D306-4710-B595-E5B030134D31}.Debug|Any CPU.ActiveCfg = Debug|Any CPU
		{F05B7D5B-D306-4710-B595-E5B030134D31}.Debug|Any CPU.Build.0 = Debug|Any CPU
		{F05B7D5B-D306-4710-B595-E5B030134D31}.Release|Any CPU.ActiveCfg = Release|Any CPU
		{F05B7D5B-D306-4710-B595-E5B030134D31}.Release|Any CPU.Build.0 = Release|Any CPU
	EndGlobalSection
	GlobalSection(SolutionProperties) = preSolution
		HideSolutionNode = FALSE
	EndGlobalSection
	GlobalSection(ExtensibilityGlobals) = postSolution
		SolutionGuid = {AB810AAA-3424-4FE2-BEBD-C0A48BE51347}
	EndGlobalSection
EndGlobal
