
Microsoft Visual Studio Solution File, Format Version 12.00
# Visual Studio Version 17
VisualStudioVersion = 17.13.35913.81 d17.13
MinimumVisualStudioVersion = 10.0.40219.1
Project("{FAE04EC0-301F-11D3-BF4B-00C04F79EFBC}") = "10-FileUploadApp", "10-FileUploadApp\10-FileUploadApp.csproj", "{174D29CA-D0F5-48CE-AED9-9490BAA460B3}"
EndProject
Global
	GlobalSection(SolutionConfigurationPlatforms) = preSolution
		Debug|Any CPU = Debug|Any CPU
		Release|Any CPU = Release|Any CPU
	EndGlobalSection
	GlobalSection(ProjectConfigurationPlatforms) = postSolution
		{174D29CA-D0F5-48CE-AED9-9490BAA460B3}.Debug|Any CPU.ActiveCfg = Debug|Any CPU
		{174D29CA-D0F5-48CE-AED9-9490BAA460B3}.Debug|Any CPU.Build.0 = Debug|Any CPU
		{174D29CA-D0F5-48CE-AED9-9490BAA460B3}.Release|Any CPU.ActiveCfg = Release|Any CPU
		{174D29CA-D0F5-48CE-AED9-9490BAA460B3}.Release|Any CPU.Build.0 = Release|Any CPU
	EndGlobalSection
	GlobalSection(SolutionProperties) = preSolution
		HideSolutionNode = FALSE
	EndGlobalSection
	GlobalSection(ExtensibilityGlobals) = postSolution
		SolutionGuid = {484B3A43-16F4-4F1E-AC14-E4E2DD182B04}
	EndGlobalSection
EndGlobal
