
Microsoft Visual Studio Solution File, Format Version 12.00
# Visual Studio Version 17
VisualStudioVersion = 17.13.35913.81 d17.13
MinimumVisualStudioVersion = 10.0.40219.1
Project("{FAE04EC0-301F-11D3-BF4B-00C04F79EFBC}") = "07-HolidayCalendar", "07-HolidayCalendar\07-HolidayCalendar.csproj", "{08743E70-2C99-4BFE-84EE-5703ADB4D0A4}"
EndProject
Global
	GlobalSection(SolutionConfigurationPlatforms) = preSolution
		Debug|Any CPU = Debug|Any CPU
		Release|Any CPU = Release|Any CPU
	EndGlobalSection
	GlobalSection(ProjectConfigurationPlatforms) = postSolution
		{08743E70-2C99-4BFE-84EE-5703ADB4D0A4}.Debug|Any CPU.ActiveCfg = Debug|Any CPU
		{08743E70-2C99-4BFE-84EE-5703ADB4D0A4}.Debug|Any CPU.Build.0 = Debug|Any CPU
		{08743E70-2C99-4BFE-84EE-5703ADB4D0A4}.Release|Any CPU.ActiveCfg = Release|Any CPU
		{08743E70-2C99-4BFE-84EE-5703ADB4D0A4}.Release|Any CPU.Build.0 = Release|Any CPU
	EndGlobalSection
	GlobalSection(SolutionProperties) = preSolution
		HideSolutionNode = FALSE
	EndGlobalSection
	GlobalSection(ExtensibilityGlobals) = postSolution
		SolutionGuid = {88C148A9-F845-4A90-A238-9751CAB21B3B}
	EndGlobalSection
EndGlobal
